
Microsoft Visual Studio Solution File, Format Version 12.00
# Visual Studio 2012
Project("{8BC9CEB8-8B4A-11D0-8D11-00A0C91BC942}") = "银行排队", "银行排队.vcxproj", "{9F10B409-1BBE-4D23-966A-CBD86078228B}"
EndProject
Global
	GlobalSection(SolutionConfigurationPlatforms) = preSolution
		Debug|Win32 = Debug|Win32
		Release|Win32 = Release|Win32
	EndGlobalSection
	GlobalSection(ProjectConfigurationPlatforms) = postSolution
		{9F10B409-1BBE-4D23-966A-CBD86078228B}.Debug|Win32.ActiveCfg = Debug|Win32
		{9F10B409-1BBE-4D23-966A-CBD86078228B}.Debug|Win32.Build.0 = Debug|Win32
		{9F10B409-1BBE-4D23-966A-CBD86078228B}.Release|Win32.ActiveCfg = Release|Win32
		{9F10B409-1BBE-4D23-966A-CBD86078228B}.Release|Win32.Build.0 = Release|Win32
	EndGlobalSection
	GlobalSection(SolutionProperties) = preSolution
		HideSolutionNode = FALSE
	EndGlobalSection
EndGlobal
