
Microsoft Visual Studio Solution File, Format Version 12.00
# Visual Studio 2012
Project("{8BC9CEB8-8B4A-11D0-8D11-00A0C91BC942}") = "练习20171012", "练习20171012.vcxproj", "{A8DED78B-D1A6-41E8-9B5D-780D02DFDD44}"
EndProject
Global
	GlobalSection(SolutionConfigurationPlatforms) = preSolution
		Debug|Win32 = Debug|Win32
		Release|Win32 = Release|Win32
	EndGlobalSection
	GlobalSection(ProjectConfigurationPlatforms) = postSolution
		{A8DED78B-D1A6-41E8-9B5D-780D02DFDD44}.Debug|Win32.ActiveCfg = Debug|Win32
		{A8DED78B-D1A6-41E8-9B5D-780D02DFDD44}.Debug|Win32.Build.0 = Debug|Win32
		{A8DED78B-D1A6-41E8-9B5D-780D02DFDD44}.Release|Win32.ActiveCfg = Release|Win32
		{A8DED78B-D1A6-41E8-9B5D-780D02DFDD44}.Release|Win32.Build.0 = Release|Win32
	EndGlobalSection
	GlobalSection(SolutionProperties) = preSolution
		HideSolutionNode = FALSE
	EndGlobalSection
EndGlobal
