
Microsoft Visual Studio Solution File, Format Version 12.00
# Visual Studio 2012
Project("{8BC9CEB8-8B4A-11D0-8D11-00A0C91BC942}") = "排序", "排序.vcxproj", "{D6F1FEAF-4E6E-40C5-A98E-553F7082F55F}"
EndProject
Global
	GlobalSection(SolutionConfigurationPlatforms) = preSolution
		Debug|Win32 = Debug|Win32
		Release|Win32 = Release|Win32
	EndGlobalSection
	GlobalSection(ProjectConfigurationPlatforms) = postSolution
		{D6F1FEAF-4E6E-40C5-A98E-553F7082F55F}.Debug|Win32.ActiveCfg = Debug|Win32
		{D6F1FEAF-4E6E-40C5-A98E-553F7082F55F}.Debug|Win32.Build.0 = Debug|Win32
		{D6F1FEAF-4E6E-40C5-A98E-553F7082F55F}.Release|Win32.ActiveCfg = Release|Win32
		{D6F1FEAF-4E6E-40C5-A98E-553F7082F55F}.Release|Win32.Build.0 = Release|Win32
	EndGlobalSection
	GlobalSection(SolutionProperties) = preSolution
		HideSolutionNode = FALSE
	EndGlobalSection
EndGlobal
